// !$*UTF8*$!
{
	archiveVersion = 1;
	classes = {
	};
	objectVersion = 46;
	objects = {

/* Begin PBXBuildFile section */
		47BFE3721C3F8007004C90D4 /* AppDelegate.swift in Sources */ = {isa = PBXBuildFile; fileRef = 47BFE3711C3F8007004C90D4 /* AppDelegate.swift */; };
		47BFE3741C3F8007004C90D4 /* ViewController.swift in Sources */ = {isa = PBXBuildFile; fileRef = 47BFE3731C3F8007004C90D4 /* ViewController.swift */; };
		47BFE3771C3F8007004C90D4 /* Main.storyboard in Resources */ = {isa = PBXBuildFile; fileRef = 47BFE3751C3F8007004C90D4 /* Main.storyboard */; };
		47BFE3791C3F8007004C90D4 /* Assets.xcassets in Resources */ = {isa = PBXBuildFile; fileRef = 47BFE3781C3F8007004C90D4 /* Assets.xcassets */; };
		47BFE37C1C3F8007004C90D4 /* LaunchScreen.storyboard in Resources */ = {isa = PBXBuildFile; fileRef = 47BFE37A1C3F8007004C90D4 /* LaunchScreen.storyboard */; };
		47BFE3841C3F8AC7004C90D4 /* ApiKeys.plist in Resources */ = {isa = PBXBuildFile; fileRef = 47BFE3831C3F8AC7004C90D4 /* ApiKeys.plist */; };
		47BFE3861C3F8B5F004C90D4 /* ApiKeys.swift in Sources */ = {isa = PBXBuildFile; fileRef = 47BFE3851C3F8B5F004C90D4 /* ApiKeys.swift */; };
		47BFE38E1C3F92CE004C90D4 /* Bolts.framework in Frameworks */ = {isa = PBXBuildFile; fileRef = 47BFE3881C3F92CE004C90D4 /* Bolts.framework */; };
		47BFE38F1C3F92CE004C90D4 /* Parse.framework in Frameworks */ = {isa = PBXBuildFile; fileRef = 47BFE3891C3F92CE004C90D4 /* Parse.framework */; };
		47BFE3901C3F92CE004C90D4 /* ParseFacebookUtils.framework in Frameworks */ = {isa = PBXBuildFile; fileRef = 47BFE38A1C3F92CE004C90D4 /* ParseFacebookUtils.framework */; };
		47BFE3911C3F92CE004C90D4 /* ParseFacebookUtilsV4.framework in Frameworks */ = {isa = PBXBuildFile; fileRef = 47BFE38B1C3F92CE004C90D4 /* ParseFacebookUtilsV4.framework */; };
		47BFE3921C3F92CE004C90D4 /* ParseTwitterUtils.framework in Frameworks */ = {isa = PBXBuildFile; fileRef = 47BFE38C1C3F92CE004C90D4 /* ParseTwitterUtils.framework */; };
		47BFE3931C3F92CE004C90D4 /* ParseUI.framework in Frameworks */ = {isa = PBXBuildFile; fileRef = 47BFE38D1C3F92CE004C90D4 /* ParseUI.framework */; };
		47BFE39D1C3F93CB004C90D4 /* AudioToolbox.framework in Frameworks */ = {isa = PBXBuildFile; fileRef = 47BFE3941C3F93CB004C90D4 /* AudioToolbox.framework */; };
		47BFE39E1C3F93CB004C90D4 /* CFNetwork.framework in Frameworks */ = {isa = PBXBuildFile; fileRef = 47BFE3951C3F93CB004C90D4 /* CFNetwork.framework */; };
		47BFE39F1C3F93CB004C90D4 /* CoreGraphics.framework in Frameworks */ = {isa = PBXBuildFile; fileRef = 47BFE3961C3F93CB004C90D4 /* CoreGraphics.framework */; };
		47BFE3A01C3F93CB004C90D4 /* CoreLocation.framework in Frameworks */ = {isa = PBXBuildFile; fileRef = 47BFE3971C3F93CB004C90D4 /* CoreLocation.framework */; };
		47BFE3A11C3F93CB004C90D4 /* libsqlite3.tbd in Frameworks */ = {isa = PBXBuildFile; fileRef = 47BFE3981C3F93CB004C90D4 /* libsqlite3.tbd */; };
		47BFE3A21C3F93CB004C90D4 /* libz.tbd in Frameworks */ = {isa = PBXBuildFile; fileRef = 47BFE3991C3F93CB004C90D4 /* libz.tbd */; };
		47BFE3A31C3F93CB004C90D4 /* QuartzCore.framework in Frameworks */ = {isa = PBXBuildFile; fileRef = 47BFE39A1C3F93CB004C90D4 /* QuartzCore.framework */; };
		47BFE3A41C3F93CB004C90D4 /* Security.framework in Frameworks */ = {isa = PBXBuildFile; fileRef = 47BFE39B1C3F93CB004C90D4 /* Security.framework */; };
		47BFE3A51C3F93CB004C90D4 /* StoreKit.framework in Frameworks */ = {isa = PBXBuildFile; fileRef = 47BFE39C1C3F93CB004C90D4 /* StoreKit.framework */; };
		47BFE3A71C3F93EE004C90D4 /* SystemConfiguration.framework in Frameworks */ = {isa = PBXBuildFile; fileRef = 47BFE3A61C3F93EE004C90D4 /* SystemConfiguration.framework */; };
		47BFE3AE1C3F9659004C90D4 /* PushNotificationController.swift in Sources */ = {isa = PBXBuildFile; fileRef = 47BFE3AD1C3F9659004C90D4 /* PushNotificationController.swift */; };
/* End PBXBuildFile section */

/* Begin PBXFileReference section */
		47BFE36E1C3F8007004C90D4 /* WeatherAlerts.app */ = {isa = PBXFileReference; explicitFileType = wrapper.application; includeInIndex = 0; path = WeatherAlerts.app; sourceTree = BUILT_PRODUCTS_DIR; };
		47BFE3711C3F8007004C90D4 /* AppDelegate.swift */ = {isa = PBXFileReference; lastKnownFileType = sourcecode.swift; path = AppDelegate.swift; sourceTree = "<group>"; };
		47BFE3731C3F8007004C90D4 /* ViewController.swift */ = {isa = PBXFileReference; lastKnownFileType = sourcecode.swift; path = ViewController.swift; sourceTree = "<group>"; };
		47BFE3761C3F8007004C90D4 /* Base */ = {isa = PBXFileReference; lastKnownFileType = file.storyboard; name = Base; path = Base.lproj/Main.storyboard; sourceTree = "<group>"; };
		47BFE3781C3F8007004C90D4 /* Assets.xcassets */ = {isa = PBXFileReference; lastKnownFileType = folder.assetcatalog; path = Assets.xcassets; sourceTree = "<group>"; };
		47BFE37B1C3F8007004C90D4 /* Base */ = {isa = PBXFileReference; lastKnownFileType = file.storyboard; name = Base; path = Base.lproj/LaunchScreen.storyboard; sourceTree = "<group>"; };
		47BFE37D1C3F8007004C90D4 /* Info.plist */ = {isa = PBXFileReference; lastKnownFileType = text.plist.xml; path = Info.plist; sourceTree = "<group>"; };
		47BFE3831C3F8AC7004C90D4 /* ApiKeys.plist */ = {isa = PBXFileReference; fileEncoding = 4; lastKnownFileType = text.plist.xml; path = ApiKeys.plist; sourceTree = "<group>"; };
		47BFE3851C3F8B5F004C90D4 /* ApiKeys.swift */ = {isa = PBXFileReference; fileEncoding = 4; lastKnownFileType = sourcecode.swift; path = ApiKeys.swift; sourceTree = "<group>"; };
		47BFE3881C3F92CE004C90D4 /* Bolts.framework */ = {isa = PBXFileReference; lastKnownFileType = wrapper.framework; path = Bolts.framework; sourceTree = "<group>"; };
		47BFE3891C3F92CE004C90D4 /* Parse.framework */ = {isa = PBXFileReference; lastKnownFileType = wrapper.framework; path = Parse.framework; sourceTree = "<group>"; };
		47BFE38A1C3F92CE004C90D4 /* ParseFacebookUtils.framework */ = {isa = PBXFileReference; lastKnownFileType = wrapper.framework; path = ParseFacebookUtils.framework; sourceTree = "<group>"; };
		47BFE38B1C3F92CE004C90D4 /* ParseFacebookUtilsV4.framework */ = {isa = PBXFileReference; lastKnownFileType = wrapper.framework; path = ParseFacebookUtilsV4.framework; sourceTree = "<group>"; };
		47BFE38C1C3F92CE004C90D4 /* ParseTwitterUtils.framework */ = {isa = PBXFileReference; lastKnownFileType = wrapper.framework; path = ParseTwitterUtils.framework; sourceTree = "<group>"; };
		47BFE38D1C3F92CE004C90D4 /* ParseUI.framework */ = {isa = PBXFileReference; lastKnownFileType = wrapper.framework; path = ParseUI.framework; sourceTree = "<group>"; };
		47BFE3941C3F93CB004C90D4 /* AudioToolbox.framework */ = {isa = PBXFileReference; lastKnownFileType = wrapper.framework; name = AudioToolbox.framework; path = System/Library/Frameworks/AudioToolbox.framework; sourceTree = SDKROOT; };
		47BFE3951C3F93CB004C90D4 /* CFNetwork.framework */ = {isa = PBXFileReference; lastKnownFileType = wrapper.framework; name = CFNetwork.framework; path = System/Library/Frameworks/CFNetwork.framework; sourceTree = SDKROOT; };
		47BFE3961C3F93CB004C90D4 /* CoreGraphics.framework */ = {isa = PBXFileReference; lastKnownFileType = wrapper.framework; name = CoreGraphics.framework; path = System/Library/Frameworks/CoreGraphics.framework; sourceTree = SDKROOT; };
		47BFE3971C3F93CB004C90D4 /* CoreLocation.framework */ = {isa = PBXFileReference; lastKnownFileType = wrapper.framework; name = CoreLocation.framework; path = System/Library/Frameworks/CoreLocation.framework; sourceTree = SDKROOT; };
		47BFE3981C3F93CB004C90D4 /* libsqlite3.tbd */ = {isa = PBXFileReference; lastKnownFileType = "sourcecode.text-based-dylib-definition"; name = libsqlite3.tbd; path = usr/lib/libsqlite3.tbd; sourceTree = SDKROOT; };
		47BFE3991C3F93CB004C90D4 /* libz.tbd */ = {isa = PBXFileReference; lastKnownFileType = "sourcecode.text-based-dylib-definition"; name = libz.tbd; path = usr/lib/libz.tbd; sourceTree = SDKROOT; };
		47BFE39A1C3F93CB004C90D4 /* QuartzCore.framework */ = {isa = PBXFileReference; lastKnownFileType = wrapper.framework; name = QuartzCore.framework; path = System/Library/Frameworks/QuartzCore.framework; sourceTree = SDKROOT; };
		47BFE39B1C3F93CB004C90D4 /* Security.framework */ = {isa = PBXFileReference; lastKnownFileType = wrapper.framework; name = Security.framework; path = System/Library/Frameworks/Security.framework; sourceTree = SDKROOT; };
		47BFE39C1C3F93CB004C90D4 /* StoreKit.framework */ = {isa = PBXFileReference; lastKnownFileType = wrapper.framework; name = StoreKit.framework; path = System/Library/Frameworks/StoreKit.framework; sourceTree = SDKROOT; };
		47BFE3A61C3F93EE004C90D4 /* SystemConfiguration.framework */ = {isa = PBXFileReference; lastKnownFileType = wrapper.framework; name = SystemConfiguration.framework; path = System/Library/Frameworks/SystemConfiguration.framework; sourceTree = SDKROOT; };
		47BFE3AD1C3F9659004C90D4 /* PushNotificationController.swift */ = {isa = PBXFileReference; fileEncoding = 4; lastKnownFileType = sourcecode.swift; path = PushNotificationController.swift; sourceTree = "<group>"; };
		47BFE3B21C3F9912004C90D4 /* bridgingHeader.h */ = {isa = PBXFileReference; lastKnownFileType = sourcecode.c.h; path = bridgingHeader.h; sourceTree = "<group>"; };
/* End PBXFileReference section */

/* Begin PBXFrameworksBuildPhase section */
		47BFE36B1C3F8007004C90D4 /* Frameworks */ = {
			isa = PBXFrameworksBuildPhase;
			buildActionMask = 2147483647;
			files = (
				47BFE3A71C3F93EE004C90D4 /* SystemConfiguration.framework in Frameworks */,
				47BFE39D1C3F93CB004C90D4 /* AudioToolbox.framework in Frameworks */,
				47BFE39E1C3F93CB004C90D4 /* CFNetwork.framework in Frameworks */,
				47BFE39F1C3F93CB004C90D4 /* CoreGraphics.framework in Frameworks */,
				47BFE3A01C3F93CB004C90D4 /* CoreLocation.framework in Frameworks */,
				47BFE3A11C3F93CB004C90D4 /* libsqlite3.tbd in Frameworks */,
				47BFE3A21C3F93CB004C90D4 /* libz.tbd in Frameworks */,
				47BFE3A31C3F93CB004C90D4 /* QuartzCore.framework in Frameworks */,
				47BFE3A41C3F93CB004C90D4 /* Security.framework in Frameworks */,
				47BFE3A51C3F93CB004C90D4 /* StoreKit.framework in Frameworks */,
				47BFE3931C3F92CE004C90D4 /* ParseUI.framework in Frameworks */,
				47BFE38F1C3F92CE004C90D4 /* Parse.framework in Frameworks */,
				47BFE38E1C3F92CE004C90D4 /* Bolts.framework in Frameworks */,
				47BFE3911C3F92CE004C90D4 /* ParseFacebookUtilsV4.framework in Frameworks */,
				47BFE3901C3F92CE004C90D4 /* ParseFacebookUtils.framework in Frameworks */,
				47BFE3921C3F92CE004C90D4 /* ParseTwitterUtils.framework in Frameworks */,
			);
			runOnlyForDeploymentPostprocessing = 0;
		};
/* End PBXFrameworksBuildPhase section */

/* Begin PBXGroup section */
		47BFE3651C3F8007004C90D4 = {
			isa = PBXGroup;
			children = (
				47BFE3B21C3F9912004C90D4 /* bridgingHeader.h */,
				47BFE3AC1C3F9620004C90D4 /* Framework */,
				47BFE3701C3F8007004C90D4 /* WeatherAlerts */,
				47BFE36F1C3F8007004C90D4 /* Products */,
			);
			sourceTree = "<group>";
		};
		47BFE36F1C3F8007004C90D4 /* Products */ = {
			isa = PBXGroup;
			children = (
				47BFE36E1C3F8007004C90D4 /* WeatherAlerts.app */,
			);
			name = Products;
			sourceTree = "<group>";
		};
		47BFE3701C3F8007004C90D4 /* WeatherAlerts */ = {
			isa = PBXGroup;
			children = (
				47BFE3B11C3F9684004C90D4 /* Model */,
				47BFE3B01C3F967E004C90D4 /* View */,
				47BFE3AF1C3F9660004C90D4 /* Controller */,
				47BFE3711C3F8007004C90D4 /* AppDelegate.swift */,
				47BFE3851C3F8B5F004C90D4 /* ApiKeys.swift */,
				47BFE3751C3F8007004C90D4 /* Main.storyboard */,
				47BFE3781C3F8007004C90D4 /* Assets.xcassets */,
				47BFE37A1C3F8007004C90D4 /* LaunchScreen.storyboard */,
				47BFE3871C3F92CE004C90D4 /* parse-library-1.11.0 */,
			);
			path = WeatherAlerts;
			sourceTree = "<group>";
		};
		47BFE3871C3F92CE004C90D4 /* parse-library-1.11.0 */ = {
			isa = PBXGroup;
			children = (
				47BFE3881C3F92CE004C90D4 /* Bolts.framework */,
				47BFE3891C3F92CE004C90D4 /* Parse.framework */,
				47BFE38A1C3F92CE004C90D4 /* ParseFacebookUtils.framework */,
				47BFE38B1C3F92CE004C90D4 /* ParseFacebookUtilsV4.framework */,
				47BFE38C1C3F92CE004C90D4 /* ParseTwitterUtils.framework */,
				47BFE38D1C3F92CE004C90D4 /* ParseUI.framework */,
			);
			path = "parse-library-1.11.0";
			sourceTree = "<group>";
		};
		47BFE3AC1C3F9620004C90D4 /* Framework */ = {
			isa = PBXGroup;
			children = (
				47BFE3A61C3F93EE004C90D4 /* SystemConfiguration.framework */,
				47BFE3941C3F93CB004C90D4 /* AudioToolbox.framework */,
				47BFE3951C3F93CB004C90D4 /* CFNetwork.framework */,
				47BFE3961C3F93CB004C90D4 /* CoreGraphics.framework */,
				47BFE3971C3F93CB004C90D4 /* CoreLocation.framework */,
				47BFE3981C3F93CB004C90D4 /* libsqlite3.tbd */,
				47BFE3991C3F93CB004C90D4 /* libz.tbd */,
				47BFE39A1C3F93CB004C90D4 /* QuartzCore.framework */,
				47BFE39B1C3F93CB004C90D4 /* Security.framework */,
				47BFE39C1C3F93CB004C90D4 /* StoreKit.framework */,
			);
			name = Framework;
			sourceTree = "<group>";
		};
		47BFE3AF1C3F9660004C90D4 /* Controller */ = {
			isa = PBXGroup;
			children = (
				47BFE3731C3F8007004C90D4 /* ViewController.swift */,
				47BFE3AD1C3F9659004C90D4 /* PushNotificationController.swift */,
			);
			name = Controller;
			sourceTree = "<group>";
		};
		47BFE3B01C3F967E004C90D4 /* View */ = {
			isa = PBXGroup;
			children = (
			);
			name = View;
			sourceTree = "<group>";
		};
		47BFE3B11C3F9684004C90D4 /* Model */ = {
			isa = PBXGroup;
			children = (
				47BFE37D1C3F8007004C90D4 /* Info.plist */,
				47BFE3831C3F8AC7004C90D4 /* ApiKeys.plist */,
			);
			name = Model;
			sourceTree = "<group>";
		};
/* End PBXGroup section */

/* Begin PBXNativeTarget section */
		47BFE36D1C3F8007004C90D4 /* WeatherAlerts */ = {
			isa = PBXNativeTarget;
			buildConfigurationList = 47BFE3801C3F8007004C90D4 /* Build configuration list for PBXNativeTarget "WeatherAlerts" */;
			buildPhases = (
				47BFE36A1C3F8007004C90D4 /* Sources */,
				47BFE36B1C3F8007004C90D4 /* Frameworks */,
				47BFE36C1C3F8007004C90D4 /* Resources */,
			);
			buildRules = (
			);
			dependencies = (
			);
			name = WeatherAlerts;
			productName = WeatherAlerts;
			productReference = 47BFE36E1C3F8007004C90D4 /* WeatherAlerts.app */;
			productType = "com.apple.product-type.application";
		};
/* End PBXNativeTarget section */

/* Begin PBXProject section */
		47BFE3661C3F8007004C90D4 /* Project object */ = {
			isa = PBXProject;
			attributes = {
				LastSwiftUpdateCheck = 0720;
				LastUpgradeCheck = 0720;
				ORGANIZATIONNAME = "Nas@Mac";
				TargetAttributes = {
					47BFE36D1C3F8007004C90D4 = {
						CreatedOnToolsVersion = 7.2;
						DevelopmentTeam = 5HLPBPBG6U;
					};
				};
			};
			buildConfigurationList = 47BFE3691C3F8007004C90D4 /* Build configuration list for PBXProject "WeatherAlerts" */;
			compatibilityVersion = "Xcode 3.2";
			developmentRegion = English;
			hasScannedForEncodings = 0;
			knownRegions = (
				en,
				Base,
			);
			mainGroup = 47BFE3651C3F8007004C90D4;
			productRefGroup = 47BFE36F1C3F8007004C90D4 /* Products */;
			projectDirPath = "";
			projectRoot = "";
			targets = (
				47BFE36D1C3F8007004C90D4 /* WeatherAlerts */,
			);
		};
/* End PBXProject section */

/* Begin PBXResourcesBuildPhase section */
		47BFE36C1C3F8007004C90D4 /* Resources */ = {
			isa = PBXResourcesBuildPhase;
			buildActionMask = 2147483647;
			files = (
				47BFE37C1C3F8007004C90D4 /* LaunchScreen.storyboard in Resources */,
				47BFE3841C3F8AC7004C90D4 /* ApiKeys.plist in Resources */,
				47BFE3791C3F8007004C90D4 /* Assets.xcassets in Resources */,
				47BFE3771C3F8007004C90D4 /* Main.storyboard in Resources */,
			);
			runOnlyForDeploymentPostprocessing = 0;
		};
/* End PBXResourcesBuildPhase section */

/* Begin PBXSourcesBuildPhase section */
		47BFE36A1C3F8007004C90D4 /* Sources */ = {
			isa = PBXSourcesBuildPhase;
			buildActionMask = 2147483647;
			files = (
				47BFE3AE1C3F9659004C90D4 /* PushNotificationController.swift in Sources */,
				47BFE3741C3F8007004C90D4 /* ViewController.swift in Sources */,
				47BFE3721C3F8007004C90D4 /* AppDelegate.swift in Sources */,
				47BFE3861C3F8B5F004C90D4 /* ApiKeys.swift in Sources */,
			);
			runOnlyForDeploymentPostprocessing = 0;
		};
/* End PBXSourcesBuildPhase section */

/* Begin PBXVariantGroup section */
		47BFE3751C3F8007004C90D4 /* Main.storyboard */ = {
			isa = PBXVariantGroup;
			children = (
				47BFE3761C3F8007004C90D4 /* Base */,
			);
			name = Main.storyboard;
			sourceTree = "<group>";
		};
		47BFE37A1C3F8007004C90D4 /* LaunchScreen.storyboard */ = {
			isa = PBXVariantGroup;
			children = (
				47BFE37B1C3F8007004C90D4 /* Base */,
			);
			name = LaunchScreen.storyboard;
			sourceTree = "<group>";
		};
/* End PBXVariantGroup section */

/* Begin XCBuildConfiguration section */
		47BFE37E1C3F8007004C90D4 /* Debug */ = {
			isa = XCBuildConfiguration;
			buildSettings = {
				ALWAYS_SEARCH_USER_PATHS = NO;
				CLANG_CXX_LANGUAGE_STANDARD = "gnu++0x";
				CLANG_CXX_LIBRARY = "libc++";
				CLANG_ENABLE_MODULES = YES;
				CLANG_ENABLE_OBJC_ARC = YES;
				CLANG_WARN_BOOL_CONVERSION = YES;
				CLANG_WARN_CONSTANT_CONVERSION = YES;
				CLANG_WARN_DIRECT_OBJC_ISA_USAGE = YES_ERROR;
				CLANG_WARN_EMPTY_BODY = YES;
				CLANG_WARN_ENUM_CONVERSION = YES;
				CLANG_WARN_INT_CONVERSION = YES;
				CLANG_WARN_OBJC_ROOT_CLASS = YES_ERROR;
				CLANG_WARN_UNREACHABLE_CODE = YES;
				CLANG_WARN__DUPLICATE_METHOD_MATCH = YES;
				"CODE_SIGN_IDENTITY[sdk=iphoneos*]" = "iPhone Developer";
				COPY_PHASE_STRIP = NO;
				DEBUG_INFORMATION_FORMAT = dwarf;
				ENABLE_STRICT_OBJC_MSGSEND = YES;
				ENABLE_TESTABILITY = YES;
				GCC_C_LANGUAGE_STANDARD = gnu99;
				GCC_DYNAMIC_NO_PIC = NO;
				GCC_NO_COMMON_BLOCKS = YES;
				GCC_OPTIMIZATION_LEVEL = 0;
				GCC_PREPROCESSOR_DEFINITIONS = (
					"DEBUG=1",
					"$(inherited)",
				);
				GCC_WARN_64_TO_32_BIT_CONVERSION = YES;
				GCC_WARN_ABOUT_RETURN_TYPE = YES_ERROR;
				GCC_WARN_UNDECLARED_SELECTOR = YES;
				GCC_WARN_UNINITIALIZED_AUTOS = YES_AGGRESSIVE;
				GCC_WARN_UNUSED_FUNCTION = YES;
				GCC_WARN_UNUSED_VARIABLE = YES;
				IPHONEOS_DEPLOYMENT_TARGET = 9.2;
				MTL_ENABLE_DEBUG_INFO = YES;
				ONLY_ACTIVE_ARCH = YES;
				SDKROOT = iphoneos;
				SWIFT_OPTIMIZATION_LEVEL = "-Onone";
				TARGETED_DEVICE_FAMILY = "1,2";
			};
			name = Debug;
		};
		47BFE37F1C3F8007004C90D4 /* Release */ = {
			isa = XCBuildConfiguration;
			buildSettings = {
				ALWAYS_SEARCH_USER_PATHS = NO;
				CLANG_CXX_LANGUAGE_STANDARD = "gnu++0x";
				CLANG_CXX_LIBRARY = "libc++";
				CLANG_ENABLE_MODULES = YES;
				CLANG_ENABLE_OBJC_ARC = YES;
				CLANG_WARN_BOOL_CONVERSION = YES;
				CLANG_WARN_CONSTANT_CONVERSION = YES;
				CLANG_WARN_DIRECT_OBJC_ISA_USAGE = YES_ERROR;
				CLANG_WARN_EMPTY_BODY = YES;
				CLANG_WARN_ENUM_CONVERSION = YES;
				CLANG_WARN_INT_CONVERSION = YES;
				CLANG_WARN_OBJC_ROOT_CLASS = YES_ERROR;
				CLANG_WARN_UNREACHABLE_CODE = YES;
				CLANG_WARN__DUPLICATE_METHOD_MATCH = YES;
				"CODE_SIGN_IDENTITY[sdk=iphoneos*]" = "iPhone Developer";
				COPY_PHASE_STRIP = NO;
				DEBUG_INFORMATION_FORMAT = "dwarf-with-dsym";
				ENABLE_NS_ASSERTIONS = NO;
				ENABLE_STRICT_OBJC_MSGSEND = YES;
				GCC_C_LANGUAGE_STANDARD = gnu99;
				GCC_NO_COMMON_BLOCKS = YES;
				GCC_WARN_64_TO_32_BIT_CONVERSION = YES;
				GCC_WARN_ABOUT_RETURN_TYPE = YES_ERROR;
				GCC_WARN_UNDECLARED_SELECTOR = YES;
				GCC_WARN_UNINITIALIZED_AUTOS = YES_AGGRESSIVE;
				GCC_WARN_UNUSED_FUNCTION = YES;
				GCC_WARN_UNUSED_VARIABLE = YES;
				IPHONEOS_DEPLOYMENT_TARGET = 9.2;
				MTL_ENABLE_DEBUG_INFO = NO;
				SDKROOT = iphoneos;
				TARGETED_DEVICE_FAMILY = "1,2";
				VALIDATE_PRODUCT = YES;
			};
			name = Release;
		};
		47BFE3811C3F8007004C90D4 /* Debug */ = {
			isa = XCBuildConfiguration;
			buildSettings = {
				ASSETCATALOG_COMPILER_APPICON_NAME = AppIcon;
				FRAMEWORK_SEARCH_PATHS = (
					"$(inherited)",
					"$(PROJECT_DIR)/WeatherAlerts/parse-library-1.11.0",
				);
				INFOPLIST_FILE = WeatherAlerts/Info.plist;
				LD_RUNPATH_SEARCH_PATHS = "$(inherited) @executable_path/Frameworks";
				PRODUCT_BUNDLE_IDENTIFIER = "Nas-Mac.WeatherAlerts";
				PRODUCT_NAME = "$(TARGET_NAME)";
				SWIFT_OBJC_BRIDGING_HEADER = "$(SRCROOT)/$(PROJECT_NAME)/bridgingHeader.h";
			};
			name = Debug;
		};
		47BFE3821C3F8007004C90D4 /* Release */ = {
			isa = XCBuildConfiguration;
			buildSettings = {
				ASSETCATALOG_COMPILER_APPICON_NAME = AppIcon;
				FRAMEWORK_SEARCH_PATHS = (
					"$(inherited)",
					"$(PROJECT_DIR)/WeatherAlerts/parse-library-1.11.0",
				);
				INFOPLIST_FILE = WeatherAlerts/Info.plist;
				LD_RUNPATH_SEARCH_PATHS = "$(inherited) @executable_path/Frameworks";
				PRODUCT_BUNDLE_IDENTIFIER = "Nas-Mac.WeatherAlerts";
				PRODUCT_NAME = "$(TARGET_NAME)";
				SWIFT_OBJC_BRIDGING_HEADER = "$(SRCROOT)/$(PROJECT_NAME)/bridgingHeader.h";
			};
			name = Release;
		};
/* End XCBuildConfiguration section */

/* Begin XCConfigurationList section */
		47BFE3691C3F8007004C90D4 /* Build configuration list for PBXProject "WeatherAlerts" */ = {
			isa = XCConfigurationList;
			buildConfigurations = (
				47BFE37E1C3F8007004C90D4 /* Debug */,
				47BFE37F1C3F8007004C90D4 /* Release */,
			);
			defaultConfigurationIsVisible = 0;
			defaultConfigurationName = Release;
		};
		47BFE3801C3F8007004C90D4 /* Build configuration list for PBXNativeTarget "WeatherAlerts" */ = {
			isa = XCConfigurationList;
			buildConfigurations = (
				47BFE3811C3F8007004C90D4 /* Debug */,
				47BFE3821C3F8007004C90D4 /* Release */,
			);
			defaultConfigurationIsVisible = 0;
			defaultConfigurationName = Release;
		};
/* End XCConfigurationList section */
	};
	rootObject = 47BFE3661C3F8007004C90D4 /* Project object */;
}
